
Microsoft Visual Studio Solution File, Format Version 12.00
# Visual Studio Version 16
VisualStudioVersion = 16.0.30621.155
MinimumVisualStudioVersion = 10.0.40219.1
Project("{FAE04EC0-301F-11D3-BF4B-00C04F79EFBC}") = "Задание 2", "Задание 2\Задание 2.csproj", "{E932399B-4774-46B2-9302-1813BFC2FCA2}"
EndProject
Global
	GlobalSection(SolutionConfigurationPlatforms) = preSolution
		Debug|Any CPU = Debug|Any CPU
		Release|Any CPU = Release|Any CPU
	EndGlobalSection
	GlobalSection(ProjectConfigurationPlatforms) = postSolution
		{E932399B-4774-46B2-9302-1813BFC2FCA2}.Debug|Any CPU.ActiveCfg = Debug|Any CPU
		{E932399B-4774-46B2-9302-1813BFC2FCA2}.Debug|Any CPU.Build.0 = Debug|Any CPU
		{E932399B-4774-46B2-9302-1813BFC2FCA2}.Release|Any CPU.ActiveCfg = Release|Any CPU
		{E932399B-4774-46B2-9302-1813BFC2FCA2}.Release|Any CPU.Build.0 = Release|Any CPU
	EndGlobalSection
	GlobalSection(SolutionProperties) = preSolution
		HideSolutionNode = FALSE
	EndGlobalSection
	GlobalSection(ExtensibilityGlobals) = postSolution
		SolutionGuid = {2AA6006B-D11D-4F16-9941-1B08F6E58952}
	EndGlobalSection
EndGlobal
